// !$*UTF8*$!
{
	archiveVersion = 1;
	classes = {
	};
	objectVersion = 46;
	objects = {

/* Begin PBXBuildFile section */
		33439C051C74AB9F00DC2356 /* AppDelegate.swift in Sources */ = {isa = PBXBuildFile; fileRef = 33439C041C74AB9F00DC2356 /* AppDelegate.swift */; };
		33439C071C74AB9F00DC2356 /* ViewController.swift in Sources */ = {isa = PBXBuildFile; fileRef = 33439C061C74AB9F00DC2356 /* ViewController.swift */; };
		33439C0A1C74AB9F00DC2356 /* Main.storyboard in Resources */ = {isa = PBXBuildFile; fileRef = 33439C081C74AB9F00DC2356 /* Main.storyboard */; };
		33439C0C1C74AB9F00DC2356 /* Assets.xcassets in Resources */ = {isa = PBXBuildFile; fileRef = 33439C0B1C74AB9F00DC2356 /* Assets.xcassets */; };
		33439C0F1C74AB9F00DC2356 /* LaunchScreen.storyboard in Resources */ = {isa = PBXBuildFile; fileRef = 33439C0D1C74AB9F00DC2356 /* LaunchScreen.storyboard */; };
		33439C1A1C74AB9F00DC2356 /* SimpleGameWithOOP_Tests.swift in Sources */ = {isa = PBXBuildFile; fileRef = 33439C191C74AB9F00DC2356 /* SimpleGameWithOOP_Tests.swift */; };
		33439C251C74AB9F00DC2356 /* SimpleGameWithOOP_UITests.swift in Sources */ = {isa = PBXBuildFile; fileRef = 33439C241C74AB9F00DC2356 /* SimpleGameWithOOP_UITests.swift */; };
		33439C331C74ABC900DC2356 /* Character.swift in Sources */ = {isa = PBXBuildFile; fileRef = 33439C321C74ABC900DC2356 /* Character.swift */; };
		33439C351C74AE7C00DC2356 /* Player.swift in Sources */ = {isa = PBXBuildFile; fileRef = 33439C341C74AE7C00DC2356 /* Player.swift */; };
		33439C371C74B70600DC2356 /* Enemy.swift in Sources */ = {isa = PBXBuildFile; fileRef = 33439C361C74B70600DC2356 /* Enemy.swift */; };
/* End PBXBuildFile section */

/* Begin PBXContainerItemProxy section */
		33439C161C74AB9F00DC2356 /* PBXContainerItemProxy */ = {
			isa = PBXContainerItemProxy;
			containerPortal = 33439BF91C74AB9E00DC2356 /* Project object */;
			proxyType = 1;
			remoteGlobalIDString = 33439C001C74AB9F00DC2356;
			remoteInfo = "SimpleGameWithOOP-";
		};
		33439C211C74AB9F00DC2356 /* PBXContainerItemProxy */ = {
			isa = PBXContainerItemProxy;
			containerPortal = 33439BF91C74AB9E00DC2356 /* Project object */;
			proxyType = 1;
			remoteGlobalIDString = 33439C001C74AB9F00DC2356;
			remoteInfo = "SimpleGameWithOOP-";
		};
/* End PBXContainerItemProxy section */

/* Begin PBXFileReference section */
		33439C011C74AB9F00DC2356 /* SimpleGameWithOOP-.app */ = {isa = PBXFileReference; explicitFileType = wrapper.application; includeInIndex = 0; path = "SimpleGameWithOOP-.app"; sourceTree = BUILT_PRODUCTS_DIR; };
		33439C041C74AB9F00DC2356 /* AppDelegate.swift */ = {isa = PBXFileReference; lastKnownFileType = sourcecode.swift; path = AppDelegate.swift; sourceTree = "<group>"; };
		33439C061C74AB9F00DC2356 /* ViewController.swift */ = {isa = PBXFileReference; lastKnownFileType = sourcecode.swift; path = ViewController.swift; sourceTree = "<group>"; };
		33439C091C74AB9F00DC2356 /* Base */ = {isa = PBXFileReference; lastKnownFileType = file.storyboard; name = Base; path = Base.lproj/Main.storyboard; sourceTree = "<group>"; };
		33439C0B1C74AB9F00DC2356 /* Assets.xcassets */ = {isa = PBXFileReference; lastKnownFileType = folder.assetcatalog; path = Assets.xcassets; sourceTree = "<group>"; };
		33439C0E1C74AB9F00DC2356 /* Base */ = {isa = PBXFileReference; lastKnownFileType = file.storyboard; name = Base; path = Base.lproj/LaunchScreen.storyboard; sourceTree = "<group>"; };
		33439C101C74AB9F00DC2356 /* Info.plist */ = {isa = PBXFileReference; lastKnownFileType = text.plist.xml; path = Info.plist; sourceTree = "<group>"; };
		33439C151C74AB9F00DC2356 /* SimpleGameWithOOP-Tests.xctest */ = {isa = PBXFileReference; explicitFileType = wrapper.cfbundle; includeInIndex = 0; path = "SimpleGameWithOOP-Tests.xctest"; sourceTree = BUILT_PRODUCTS_DIR; };
		33439C191C74AB9F00DC2356 /* SimpleGameWithOOP_Tests.swift */ = {isa = PBXFileReference; lastKnownFileType = sourcecode.swift; path = SimpleGameWithOOP_Tests.swift; sourceTree = "<group>"; };
		33439C1B1C74AB9F00DC2356 /* Info.plist */ = {isa = PBXFileReference; lastKnownFileType = text.plist.xml; path = Info.plist; sourceTree = "<group>"; };
		33439C201C74AB9F00DC2356 /* SimpleGameWithOOP-UITests.xctest */ = {isa = PBXFileReference; explicitFileType = wrapper.cfbundle; includeInIndex = 0; path = "SimpleGameWithOOP-UITests.xctest"; sourceTree = BUILT_PRODUCTS_DIR; };
		33439C241C74AB9F00DC2356 /* SimpleGameWithOOP_UITests.swift */ = {isa = PBXFileReference; lastKnownFileType = sourcecode.swift; path = SimpleGameWithOOP_UITests.swift; sourceTree = "<group>"; };
		33439C261C74AB9F00DC2356 /* Info.plist */ = {isa = PBXFileReference; lastKnownFileType = text.plist.xml; path = Info.plist; sourceTree = "<group>"; };
		33439C321C74ABC900DC2356 /* Character.swift */ = {isa = PBXFileReference; fileEncoding = 4; lastKnownFileType = sourcecode.swift; path = Character.swift; sourceTree = "<group>"; };
		33439C341C74AE7C00DC2356 /* Player.swift */ = {isa = PBXFileReference; fileEncoding = 4; lastKnownFileType = sourcecode.swift; path = Player.swift; sourceTree = "<group>"; };
		33439C361C74B70600DC2356 /* Enemy.swift */ = {isa = PBXFileReference; fileEncoding = 4; lastKnownFileType = sourcecode.swift; path = Enemy.swift; sourceTree = "<group>"; };
/* End PBXFileReference section */

/* Begin PBXFrameworksBuildPhase section */
		33439BFE1C74AB9F00DC2356 /* Frameworks */ = {
			isa = PBXFrameworksBuildPhase;
			buildActionMask = 2147483647;
			files = (
			);
			runOnlyForDeploymentPostprocessing = 0;
		};
		33439C121C74AB9F00DC2356 /* Frameworks */ = {
			isa = PBXFrameworksBuildPhase;
			buildActionMask = 2147483647;
			files = (
			);
			runOnlyForDeploymentPostprocessing = 0;
		};
		33439C1D1C74AB9F00DC2356 /* Frameworks */ = {
			isa = PBXFrameworksBuildPhase;
			buildActionMask = 2147483647;
			files = (
			);
			runOnlyForDeploymentPostprocessing = 0;
		};
/* End PBXFrameworksBuildPhase section */

/* Begin PBXGroup section */
		33439BF81C74AB9E00DC2356 = {
			isa = PBXGroup;
			children = (
				33439C031C74AB9F00DC2356 /* SimpleGameWithOOP- */,
				33439C181C74AB9F00DC2356 /* SimpleGameWithOOP-Tests */,
				33439C231C74AB9F00DC2356 /* SimpleGameWithOOP-UITests */,
				33439C021C74AB9F00DC2356 /* Products */,
			);
			sourceTree = "<group>";
		};
		33439C021C74AB9F00DC2356 /* Products */ = {
			isa = PBXGroup;
			children = (
				33439C011C74AB9F00DC2356 /* SimpleGameWithOOP-.app */,
				33439C151C74AB9F00DC2356 /* SimpleGameWithOOP-Tests.xctest */,
				33439C201C74AB9F00DC2356 /* SimpleGameWithOOP-UITests.xctest */,
			);
			name = Products;
			sourceTree = "<group>";
		};
		33439C031C74AB9F00DC2356 /* SimpleGameWithOOP- */ = {
			isa = PBXGroup;
			children = (
				33439C041C74AB9F00DC2356 /* AppDelegate.swift */,
				33439C061C74AB9F00DC2356 /* ViewController.swift */,
				33439C081C74AB9F00DC2356 /* Main.storyboard */,
				33439C0B1C74AB9F00DC2356 /* Assets.xcassets */,
				33439C0D1C74AB9F00DC2356 /* LaunchScreen.storyboard */,
				33439C101C74AB9F00DC2356 /* Info.plist */,
				33439C321C74ABC900DC2356 /* Character.swift */,
				33439C341C74AE7C00DC2356 /* Player.swift */,
				33439C361C74B70600DC2356 /* Enemy.swift */,
			);
			path = "SimpleGameWithOOP-";
			sourceTree = "<group>";
		};
		33439C181C74AB9F00DC2356 /* SimpleGameWithOOP-Tests */ = {
			isa = PBXGroup;
			children = (
				33439C191C74AB9F00DC2356 /* SimpleGameWithOOP_Tests.swift */,
				33439C1B1C74AB9F00DC2356 /* Info.plist */,
			);
			path = "SimpleGameWithOOP-Tests";
			sourceTree = "<group>";
		};
		33439C231C74AB9F00DC2356 /* SimpleGameWithOOP-UITests */ = {
			isa = PBXGroup;
			children = (
				33439C241C74AB9F00DC2356 /* SimpleGameWithOOP_UITests.swift */,
				33439C261C74AB9F00DC2356 /* Info.plist */,
			);
			path = "SimpleGameWithOOP-UITests";
			sourceTree = "<group>";
		};
/* End PBXGroup section */

/* Begin PBXNativeTarget section */
		33439C001C74AB9F00DC2356 /* SimpleGameWithOOP- */ = {
			isa = PBXNativeTarget;
			buildConfigurationList = 33439C291C74AB9F00DC2356 /* Build configuration list for PBXNativeTarget "SimpleGameWithOOP-" */;
			buildPhases = (
				33439BFD1C74AB9F00DC2356 /* Sources */,
				33439BFE1C74AB9F00DC2356 /* Frameworks */,
				33439BFF1C74AB9F00DC2356 /* Resources */,
			);
			buildRules = (
			);
			dependencies = (
			);
			name = "SimpleGameWithOOP-";
			productName = "SimpleGameWithOOP-";
			productReference = 33439C011C74AB9F00DC2356 /* SimpleGameWithOOP-.app */;
			productType = "com.apple.product-type.application";
		};
		33439C141C74AB9F00DC2356 /* SimpleGameWithOOP-Tests */ = {
			isa = PBXNativeTarget;
			buildConfigurationList = 33439C2C1C74AB9F00DC2356 /* Build configuration list for PBXNativeTarget "SimpleGameWithOOP-Tests" */;
			buildPhases = (
				33439C111C74AB9F00DC2356 /* Sources */,
				33439C121C74AB9F00DC2356 /* Frameworks */,
				33439C131C74AB9F00DC2356 /* Resources */,
			);
			buildRules = (
			);
			dependencies = (
				33439C171C74AB9F00DC2356 /* PBXTargetDependency */,
			);
			name = "SimpleGameWithOOP-Tests";
			productName = "SimpleGameWithOOP-Tests";
			productReference = 33439C151C74AB9F00DC2356 /* SimpleGameWithOOP-Tests.xctest */;
			productType = "com.apple.product-type.bundle.unit-test";
		};
		33439C1F1C74AB9F00DC2356 /* SimpleGameWithOOP-UITests */ = {
			isa = PBXNativeTarget;
			buildConfigurationList = 33439C2F1C74AB9F00DC2356 /* Build configuration list for PBXNativeTarget "SimpleGameWithOOP-UITests" */;
			buildPhases = (
				33439C1C1C74AB9F00DC2356 /* Sources */,
				33439C1D1C74AB9F00DC2356 /* Frameworks */,
				33439C1E1C74AB9F00DC2356 /* Resources */,
			);
			buildRules = (
			);
			dependencies = (
				33439C221C74AB9F00DC2356 /* PBXTargetDependency */,
			);
			name = "SimpleGameWithOOP-UITests";
			productName = "SimpleGameWithOOP-UITests";
			productReference = 33439C201C74AB9F00DC2356 /* SimpleGameWithOOP-UITests.xctest */;
			productType = "com.apple.product-type.bundle.ui-testing";
		};
/* End PBXNativeTarget section */

/* Begin PBXProject section */
		33439BF91C74AB9E00DC2356 /* Project object */ = {
			isa = PBXProject;
			attributes = {
				LastSwiftUpdateCheck = 0720;
				LastUpgradeCheck = 0720;
				ORGANIZATIONNAME = "Kieu Minh Duc";
				TargetAttributes = {
					33439C001C74AB9F00DC2356 = {
						CreatedOnToolsVersion = 7.2;
						DevelopmentTeam = 4RQDM2R2EB;
					};
					33439C141C74AB9F00DC2356 = {
						CreatedOnToolsVersion = 7.2;
						DevelopmentTeam = 4RQDM2R2EB;
						TestTargetID = 33439C001C74AB9F00DC2356;
					};
					33439C1F1C74AB9F00DC2356 = {
						CreatedOnToolsVersion = 7.2;
						DevelopmentTeam = 4RQDM2R2EB;
						TestTargetID = 33439C001C74AB9F00DC2356;
					};
				};
			};
			buildConfigurationList = 33439BFC1C74AB9E00DC2356 /* Build configuration list for PBXProject "SimpleGameWithOOP-" */;
			compatibilityVersion = "Xcode 3.2";
			developmentRegion = English;
			hasScannedForEncodings = 0;
			knownRegions = (
				en,
				Base,
			);
			mainGroup = 33439BF81C74AB9E00DC2356;
			productRefGroup = 33439C021C74AB9F00DC2356 /* Products */;
			projectDirPath = "";
			projectRoot = "";
			targets = (
				33439C001C74AB9F00DC2356 /* SimpleGameWithOOP- */,
				33439C141C74AB9F00DC2356 /* SimpleGameWithOOP-Tests */,
				33439C1F1C74AB9F00DC2356 /* SimpleGameWithOOP-UITests */,
			);
		};
/* End PBXProject section */

/* Begin PBXResourcesBuildPhase section */
		33439BFF1C74AB9F00DC2356 /* Resources */ = {
			isa = PBXResourcesBuildPhase;
			buildActionMask = 2147483647;
			files = (
				33439C0F1C74AB9F00DC2356 /* LaunchScreen.storyboard in Resources */,
				33439C0C1C74AB9F00DC2356 /* Assets.xcassets in Resources */,
				33439C0A1C74AB9F00DC2356 /* Main.storyboard in Resources */,
			);
			runOnlyForDeploymentPostprocessing = 0;
		};
		33439C131C74AB9F00DC2356 /* Resources */ = {
			isa = PBXResourcesBuildPhase;
			buildActionMask = 2147483647;
			files = (
			);
			runOnlyForDeploymentPostprocessing = 0;
		};
		33439C1E1C74AB9F00DC2356 /* Resources */ = {
			isa = PBXResourcesBuildPhase;
			buildActionMask = 2147483647;
			files = (
			);
			runOnlyForDeploymentPostprocessing = 0;
		};
/* End PBXResourcesBuildPhase section */

/* Begin PBXSourcesBuildPhase section */
		33439BFD1C74AB9F00DC2356 /* Sources */ = {
			isa = PBXSourcesBuildPhase;
			buildActionMask = 2147483647;
			files = (
				33439C351C74AE7C00DC2356 /* Player.swift in Sources */,
				33439C371C74B70600DC2356 /* Enemy.swift in Sources */,
				33439C331C74ABC900DC2356 /* Character.swift in Sources */,
				33439C071C74AB9F00DC2356 /* ViewController.swift in Sources */,
				33439C051C74AB9F00DC2356 /* AppDelegate.swift in Sources */,
			);
			runOnlyForDeploymentPostprocessing = 0;
		};
		33439C111C74AB9F00DC2356 /* Sources */ = {
			isa = PBXSourcesBuildPhase;
			buildActionMask = 2147483647;
			files = (
				33439C1A1C74AB9F00DC2356 /* SimpleGameWithOOP_Tests.swift in Sources */,
			);
			runOnlyForDeploymentPostprocessing = 0;
		};
		33439C1C1C74AB9F00DC2356 /* Sources */ = {
			isa = PBXSourcesBuildPhase;
			buildActionMask = 2147483647;
			files = (
				33439C251C74AB9F00DC2356 /* SimpleGameWithOOP_UITests.swift in Sources */,
			);
			runOnlyForDeploymentPostprocessing = 0;
		};
/* End PBXSourcesBuildPhase section */

/* Begin PBXTargetDependency section */
		33439C171C74AB9F00DC2356 /* PBXTargetDependency */ = {
			isa = PBXTargetDependency;
			target = 33439C001C74AB9F00DC2356 /* SimpleGameWithOOP- */;
			targetProxy = 33439C161C74AB9F00DC2356 /* PBXContainerItemProxy */;
		};
		33439C221C74AB9F00DC2356 /* PBXTargetDependency */ = {
			isa = PBXTargetDependency;
			target = 33439C001C74AB9F00DC2356 /* SimpleGameWithOOP- */;
			targetProxy = 33439C211C74AB9F00DC2356 /* PBXContainerItemProxy */;
		};
/* End PBXTargetDependency section */

/* Begin PBXVariantGroup section */
		33439C081C74AB9F00DC2356 /* Main.storyboard */ = {
			isa = PBXVariantGroup;
			children = (
				33439C091C74AB9F00DC2356 /* Base */,
			);
			name = Main.storyboard;
			sourceTree = "<group>";
		};
		33439C0D1C74AB9F00DC2356 /* LaunchScreen.storyboard */ = {
			isa = PBXVariantGroup;
			children = (
				33439C0E1C74AB9F00DC2356 /* Base */,
			);
			name = LaunchScreen.storyboard;
			sourceTree = "<group>";
		};
/* End PBXVariantGroup section */

/* Begin XCBuildConfiguration section */
		33439C271C74AB9F00DC2356 /* Debug */ = {
			isa = XCBuildConfiguration;
			buildSettings = {
				ALWAYS_SEARCH_USER_PATHS = NO;
				CLANG_CXX_LANGUAGE_STANDARD = "gnu++0x";
				CLANG_CXX_LIBRARY = "libc++";
				CLANG_ENABLE_MODULES = YES;
				CLANG_ENABLE_OBJC_ARC = YES;
				CLANG_WARN_BOOL_CONVERSION = YES;
				CLANG_WARN_CONSTANT_CONVERSION = YES;
				CLANG_WARN_DIRECT_OBJC_ISA_USAGE = YES_ERROR;
				CLANG_WARN_EMPTY_BODY = YES;
				CLANG_WARN_ENUM_CONVERSION = YES;
				CLANG_WARN_INT_CONVERSION = YES;
				CLANG_WARN_OBJC_ROOT_CLASS = YES_ERROR;
				CLANG_WARN_UNREACHABLE_CODE = YES;
				CLANG_WARN__DUPLICATE_METHOD_MATCH = YES;
				"CODE_SIGN_IDENTITY[sdk=iphoneos*]" = "iPhone Developer";
				COPY_PHASE_STRIP = NO;
				DEBUG_INFORMATION_FORMAT = dwarf;
				ENABLE_STRICT_OBJC_MSGSEND = YES;
				ENABLE_TESTABILITY = YES;
				GCC_C_LANGUAGE_STANDARD = gnu99;
				GCC_DYNAMIC_NO_PIC = NO;
				GCC_NO_COMMON_BLOCKS = YES;
				GCC_OPTIMIZATION_LEVEL = 0;
				GCC_PREPROCESSOR_DEFINITIONS = (
					"DEBUG=1",
					"$(inherited)",
				);
				GCC_WARN_64_TO_32_BIT_CONVERSION = YES;
				GCC_WARN_ABOUT_RETURN_TYPE = YES_ERROR;
				GCC_WARN_UNDECLARED_SELECTOR = YES;
				GCC_WARN_UNINITIALIZED_AUTOS = YES_AGGRESSIVE;
				GCC_WARN_UNUSED_FUNCTION = YES;
				GCC_WARN_UNUSED_VARIABLE = YES;
				IPHONEOS_DEPLOYMENT_TARGET = 9.2;
				MTL_ENABLE_DEBUG_INFO = YES;
				ONLY_ACTIVE_ARCH = YES;
				SDKROOT = iphoneos;
				SWIFT_OPTIMIZATION_LEVEL = "-Onone";
			};
			name = Debug;
		};
		33439C281C74AB9F00DC2356 /* Release */ = {
			isa = XCBuildConfiguration;
			buildSettings = {
				ALWAYS_SEARCH_USER_PATHS = NO;
				CLANG_CXX_LANGUAGE_STANDARD = "gnu++0x";
				CLANG_CXX_LIBRARY = "libc++";
				CLANG_ENABLE_MODULES = YES;
				CLANG_ENABLE_OBJC_ARC = YES;
				CLANG_WARN_BOOL_CONVERSION = YES;
				CLANG_WARN_CONSTANT_CONVERSION = YES;
				CLANG_WARN_DIRECT_OBJC_ISA_USAGE = YES_ERROR;
				CLANG_WARN_EMPTY_BODY = YES;
				CLANG_WARN_ENUM_CONVERSION = YES;
				CLANG_WARN_INT_CONVERSION = YES;
				CLANG_WARN_OBJC_ROOT_CLASS = YES_ERROR;
				CLANG_WARN_UNREACHABLE_CODE = YES;
				CLANG_WARN__DUPLICATE_METHOD_MATCH = YES;
				"CODE_SIGN_IDENTITY[sdk=iphoneos*]" = "iPhone Developer";
				COPY_PHASE_STRIP = NO;
				DEBUG_INFORMATION_FORMAT = "dwarf-with-dsym";
				ENABLE_NS_ASSERTIONS = NO;
				ENABLE_STRICT_OBJC_MSGSEND = YES;
				GCC_C_LANGUAGE_STANDARD = gnu99;
				GCC_NO_COMMON_BLOCKS = YES;
				GCC_WARN_64_TO_32_BIT_CONVERSION = YES;
				GCC_WARN_ABOUT_RETURN_TYPE = YES_ERROR;
				GCC_WARN_UNDECLARED_SELECTOR = YES;
				GCC_WARN_UNINITIALIZED_AUTOS = YES_AGGRESSIVE;
				GCC_WARN_UNUSED_FUNCTION = YES;
				GCC_WARN_UNUSED_VARIABLE = YES;
				IPHONEOS_DEPLOYMENT_TARGET = 9.2;
				MTL_ENABLE_DEBUG_INFO = NO;
				SDKROOT = iphoneos;
				VALIDATE_PRODUCT = YES;
			};
			name = Release;
		};
		33439C2A1C74AB9F00DC2356 /* Debug */ = {
			isa = XCBuildConfiguration;
			buildSettings = {
				ASSETCATALOG_COMPILER_APPICON_NAME = AppIcon;
				INFOPLIST_FILE = "SimpleGameWithOOP-/Info.plist";
				LD_RUNPATH_SEARCH_PATHS = "$(inherited) @executable_path/Frameworks";
				PRODUCT_BUNDLE_IDENTIFIER = "com.Duc.SimpleGameWithOOP-";
				PRODUCT_NAME = "$(TARGET_NAME)";
			};
			name = Debug;
		};
		33439C2B1C74AB9F00DC2356 /* Release */ = {
			isa = XCBuildConfiguration;
			buildSettings = {
				ASSETCATALOG_COMPILER_APPICON_NAME = AppIcon;
				INFOPLIST_FILE = "SimpleGameWithOOP-/Info.plist";
				LD_RUNPATH_SEARCH_PATHS = "$(inherited) @executable_path/Frameworks";
				PRODUCT_BUNDLE_IDENTIFIER = "com.Duc.SimpleGameWithOOP-";
				PRODUCT_NAME = "$(TARGET_NAME)";
			};
			name = Release;
		};
		33439C2D1C74AB9F00DC2356 /* Debug */ = {
			isa = XCBuildConfiguration;
			buildSettings = {
				BUNDLE_LOADER = "$(TEST_HOST)";
				INFOPLIST_FILE = "SimpleGameWithOOP-Tests/Info.plist";
				LD_RUNPATH_SEARCH_PATHS = "$(inherited) @executable_path/Frameworks @loader_path/Frameworks";
				PRODUCT_BUNDLE_IDENTIFIER = "com.Duc.SimpleGameWithOOP-Tests";
				PRODUCT_NAME = "$(TARGET_NAME)";
				TEST_HOST = "$(BUILT_PRODUCTS_DIR)/SimpleGameWithOOP-.app/SimpleGameWithOOP-";
			};
			name = Debug;
		};
		33439C2E1C74AB9F00DC2356 /* Release */ = {
			isa = XCBuildConfiguration;
			buildSettings = {
				BUNDLE_LOADER = "$(TEST_HOST)";
				INFOPLIST_FILE = "SimpleGameWithOOP-Tests/Info.plist";
				LD_RUNPATH_SEARCH_PATHS = "$(inherited) @executable_path/Frameworks @loader_path/Frameworks";
				PRODUCT_BUNDLE_IDENTIFIER = "com.Duc.SimpleGameWithOOP-Tests";
				PRODUCT_NAME = "$(TARGET_NAME)";
				TEST_HOST = "$(BUILT_PRODUCTS_DIR)/SimpleGameWithOOP-.app/SimpleGameWithOOP-";
			};
			name = Release;
		};
		33439C301C74AB9F00DC2356 /* Debug */ = {
			isa = XCBuildConfiguration;
			buildSettings = {
				INFOPLIST_FILE = "SimpleGameWithOOP-UITests/Info.plist";
				LD_RUNPATH_SEARCH_PATHS = "$(inherited) @executable_path/Frameworks @loader_path/Frameworks";
				PRODUCT_BUNDLE_IDENTIFIER = "com.Duc.SimpleGameWithOOP-UITests";
				PRODUCT_NAME = "$(TARGET_NAME)";
				TEST_TARGET_NAME = "SimpleGameWithOOP-";
				USES_XCTRUNNER = YES;
			};
			name = Debug;
		};
		33439C311C74AB9F00DC2356 /* Release */ = {
			isa = XCBuildConfiguration;
			buildSettings = {
				INFOPLIST_FILE = "SimpleGameWithOOP-UITests/Info.plist";
				LD_RUNPATH_SEARCH_PATHS = "$(inherited) @executable_path/Frameworks @loader_path/Frameworks";
				PRODUCT_BUNDLE_IDENTIFIER = "com.Duc.SimpleGameWithOOP-UITests";
				PRODUCT_NAME = "$(TARGET_NAME)";
				TEST_TARGET_NAME = "SimpleGameWithOOP-";
				USES_XCTRUNNER = YES;
			};
			name = Release;
		};
/* End XCBuildConfiguration section */

/* Begin XCConfigurationList section */
		33439BFC1C74AB9E00DC2356 /* Build configuration list for PBXProject "SimpleGameWithOOP-" */ = {
			isa = XCConfigurationList;
			buildConfigurations = (
				33439C271C74AB9F00DC2356 /* Debug */,
				33439C281C74AB9F00DC2356 /* Release */,
			);
			defaultConfigurationIsVisible = 0;
			defaultConfigurationName = Release;
		};
		33439C291C74AB9F00DC2356 /* Build configuration list for PBXNativeTarget "SimpleGameWithOOP-" */ = {
			isa = XCConfigurationList;
			buildConfigurations = (
				33439C2A1C74AB9F00DC2356 /* Debug */,
				33439C2B1C74AB9F00DC2356 /* Release */,
			);
			defaultConfigurationIsVisible = 0;
			defaultConfigurationName = Release;
		};
		33439C2C1C74AB9F00DC2356 /* Build configuration list for PBXNativeTarget "SimpleGameWithOOP-Tests" */ = {
			isa = XCConfigurationList;
			buildConfigurations = (
				33439C2D1C74AB9F00DC2356 /* Debug */,
				33439C2E1C74AB9F00DC2356 /* Release */,
			);
			defaultConfigurationIsVisible = 0;
			defaultConfigurationName = Release;
		};
		33439C2F1C74AB9F00DC2356 /* Build configuration list for PBXNativeTarget "SimpleGameWithOOP-UITests" */ = {
			isa = XCConfigurationList;
			buildConfigurations = (
				33439C301C74AB9F00DC2356 /* Debug */,
				33439C311C74AB9F00DC2356 /* Release */,
			);
			defaultConfigurationIsVisible = 0;
			defaultConfigurationName = Release;
		};
/* End XCConfigurationList section */
	};
	rootObject = 33439BF91C74AB9E00DC2356 /* Project object */;
}
